
Microsoft Visual Studio Solution File, Format Version 12.00
# Visual Studio Version 17
VisualStudioVersion = 17.4.33103.184
MinimumVisualStudioVersion = 10.0.40219.1
Project("{FAE04EC0-301F-11D3-BF4B-00C04F79EFBC}") = "KnockoutjsAsp", "KnockoutjsAsp\KnockoutjsAsp.csproj", "{AE3FDF02-3B0F-4ADA-8E72-2CE18F4FB740}"
EndProject
Global
	GlobalSection(SolutionConfigurationPlatforms) = preSolution
		Debug|Any CPU = Debug|Any CPU
		Release|Any CPU = Release|Any CPU
	EndGlobalSection
	GlobalSection(ProjectConfigurationPlatforms) = postSolution
		{AE3FDF02-3B0F-4ADA-8E72-2CE18F4FB740}.Debug|Any CPU.ActiveCfg = Debug|Any CPU
		{AE3FDF02-3B0F-4ADA-8E72-2CE18F4FB740}.Debug|Any CPU.Build.0 = Debug|Any CPU
		{AE3FDF02-3B0F-4ADA-8E72-2CE18F4FB740}.Release|Any CPU.ActiveCfg = Release|Any CPU
		{AE3FDF02-3B0F-4ADA-8E72-2CE18F4FB740}.Release|Any CPU.Build.0 = Release|Any CPU
	EndGlobalSection
	GlobalSection(SolutionProperties) = preSolution
		HideSolutionNode = FALSE
	EndGlobalSection
	GlobalSection(ExtensibilityGlobals) = postSolution
		SolutionGuid = {760A3C4D-7BD2-4A79-A32A-35E8793297C7}
	EndGlobalSection
EndGlobal
